
Microsoft Visual Studio Solution File, Format Version 12.00
# Visual Studio Version 17
VisualStudioVersion = 17.4.33213.308
MinimumVisualStudioVersion = 10.0.40219.1
Project("{FAE04EC0-301F-11D3-BF4B-00C04F79EFBC}") = "OnlineCours", "OnlineCours\OnlineCours.csproj", "{00DBF27A-4740-43CD-AA9C-DCD8DE71C11F}"
EndProject
Global
	GlobalSection(SolutionConfigurationPlatforms) = preSolution
		Debug|Any CPU = Debug|Any CPU
		Release|Any CPU = Release|Any CPU
	EndGlobalSection
	GlobalSection(ProjectConfigurationPlatforms) = postSolution
		{00DBF27A-4740-43CD-AA9C-DCD8DE71C11F}.Debug|Any CPU.ActiveCfg = Debug|Any CPU
		{00DBF27A-4740-43CD-AA9C-DCD8DE71C11F}.Debug|Any CPU.Build.0 = Debug|Any CPU
		{00DBF27A-4740-43CD-AA9C-DCD8DE71C11F}.Release|Any CPU.ActiveCfg = Release|Any CPU
		{00DBF27A-4740-43CD-AA9C-DCD8DE71C11F}.Release|Any CPU.Build.0 = Release|Any CPU
	EndGlobalSection
	GlobalSection(SolutionProperties) = preSolution
		HideSolutionNode = FALSE
	EndGlobalSection
	GlobalSection(ExtensibilityGlobals) = postSolution
		SolutionGuid = {DE713C6A-83CA-44E9-B19F-E065CB7C1FA7}
	EndGlobalSection
EndGlobal
